// !$*UTF8*$!
{
	archiveVersion = 1;
	classes = {
	};
	objectVersion = 55;
	objects = {

/* Begin PBXBuildFile section */
		4344A85B284A6B4C0031D0C8 /* Record.swift in Sources */ = {isa = PBXBuildFile; fileRef = 4344A859284A6B4C0031D0C8 /* Record.swift */; };
		4344A86F284CE0110031D0C8 /* NoiseSerde in Frameworks */ = {isa = PBXBuildFile; productRef = 4344A86E284CE0110031D0C8 /* NoiseSerde */; };
		4350F31F2843653A00BA29DC /* NoiseBackendExampleApp.swift in Sources */ = {isa = PBXBuildFile; fileRef = 4350F31E2843653A00BA29DC /* NoiseBackendExampleApp.swift */; };
		4350F3212843653A00BA29DC /* ContentView.swift in Sources */ = {isa = PBXBuildFile; fileRef = 4350F3202843653A00BA29DC /* ContentView.swift */; };
		4350F3232843653C00BA29DC /* Assets.xcassets in Resources */ = {isa = PBXBuildFile; fileRef = 4350F3222843653C00BA29DC /* Assets.xcassets */; };
		4350F3262843653C00BA29DC /* Preview Assets.xcassets in Resources */ = {isa = PBXBuildFile; fileRef = 4350F3252843653C00BA29DC /* Preview Assets.xcassets */; };
		4350F3302843666800BA29DC /* resources in Resources */ = {isa = PBXBuildFile; fileRef = 4350F32F2843666800BA29DC /* resources */; };
		4350F3332843666E00BA29DC /* Noise in Frameworks */ = {isa = PBXBuildFile; productRef = 4350F3322843666E00BA29DC /* Noise */; };
		43EF9A5728B11F9D00E45008 /* NoiseBackend in Frameworks */ = {isa = PBXBuildFile; productRef = 43EF9A5628B11F9D00E45008 /* NoiseBackend */; };
/* End PBXBuildFile section */

/* Begin PBXContainerItemProxy section */
		4344A869284B46580031D0C8 /* PBXContainerItemProxy */ = {
			isa = PBXContainerItemProxy;
			containerPortal = 4350F3132843653A00BA29DC /* Project object */;
			proxyType = 1;
			remoteGlobalIDString = 4350F31A2843653A00BA29DC;
			remoteInfo = NoiseBackendExample;
		};
/* End PBXContainerItemProxy section */

/* Begin PBXFileReference section */
		4344A859284A6B4C0031D0C8 /* Record.swift */ = {isa = PBXFileReference; fileEncoding = 4; lastKnownFileType = sourcecode.swift; path = Record.swift; sourceTree = "<group>"; };
		4344A865284B46580031D0C8 /* NoiseBackendExampleTests.xctest */ = {isa = PBXFileReference; explicitFileType = wrapper.cfbundle; includeInIndex = 0; path = NoiseBackendExampleTests.xctest; sourceTree = BUILT_PRODUCTS_DIR; };
		4350F31B2843653A00BA29DC /* NoiseBackendExample.app */ = {isa = PBXFileReference; explicitFileType = wrapper.application; includeInIndex = 0; path = NoiseBackendExample.app; sourceTree = BUILT_PRODUCTS_DIR; };
		4350F31E2843653A00BA29DC /* NoiseBackendExampleApp.swift */ = {isa = PBXFileReference; lastKnownFileType = sourcecode.swift; path = NoiseBackendExampleApp.swift; sourceTree = "<group>"; };
		4350F3202843653A00BA29DC /* ContentView.swift */ = {isa = PBXFileReference; lastKnownFileType = sourcecode.swift; path = ContentView.swift; sourceTree = "<group>"; };
		4350F3222843653C00BA29DC /* Assets.xcassets */ = {isa = PBXFileReference; lastKnownFileType = folder.assetcatalog; path = Assets.xcassets; sourceTree = "<group>"; };
		4350F3252843653C00BA29DC /* Preview Assets.xcassets */ = {isa = PBXFileReference; lastKnownFileType = folder.assetcatalog; path = "Preview Assets.xcassets"; sourceTree = "<group>"; };
		4350F3272843653C00BA29DC /* NoiseBackendExample.entitlements */ = {isa = PBXFileReference; lastKnownFileType = text.plist.entitlements; path = NoiseBackendExample.entitlements; sourceTree = "<group>"; };
		4350F32E2843654700BA29DC /* Noise */ = {isa = PBXFileReference; lastKnownFileType = wrapper; name = Noise; path = ../Noise; sourceTree = "<group>"; };
		4350F32F2843666800BA29DC /* resources */ = {isa = PBXFileReference; lastKnownFileType = folder; path = resources; sourceTree = "<group>"; };
/* End PBXFileReference section */

/* Begin PBXFrameworksBuildPhase section */
		4344A862284B46580031D0C8 /* Frameworks */ = {
			isa = PBXFrameworksBuildPhase;
			buildActionMask = 2147483647;
			files = (
			);
			runOnlyForDeploymentPostprocessing = 0;
		};
		4350F3182843653A00BA29DC /* Frameworks */ = {
			isa = PBXFrameworksBuildPhase;
			buildActionMask = 2147483647;
			files = (
				4350F3332843666E00BA29DC /* Noise in Frameworks */,
				43EF9A5728B11F9D00E45008 /* NoiseBackend in Frameworks */,
				4344A86F284CE0110031D0C8 /* NoiseSerde in Frameworks */,
			);
			runOnlyForDeploymentPostprocessing = 0;
		};
/* End PBXFrameworksBuildPhase section */

/* Begin PBXGroup section */
		4350F3122843653A00BA29DC = {
			isa = PBXGroup;
			children = (
				4350F32D2843654700BA29DC /* Packages */,
				4350F31D2843653A00BA29DC /* NoiseBackendExample */,
				4350F31C2843653A00BA29DC /* Products */,
				4350F3312843666E00BA29DC /* Frameworks */,
			);
			sourceTree = "<group>";
		};
		4350F31C2843653A00BA29DC /* Products */ = {
			isa = PBXGroup;
			children = (
				4350F31B2843653A00BA29DC /* NoiseBackendExample.app */,
				4344A865284B46580031D0C8 /* NoiseBackendExampleTests.xctest */,
			);
			name = Products;
			sourceTree = "<group>";
		};
		4350F31D2843653A00BA29DC /* NoiseBackendExample */ = {
			isa = PBXGroup;
			children = (
				4350F3222843653C00BA29DC /* Assets.xcassets */,
				4350F3202843653A00BA29DC /* ContentView.swift */,
				4350F3272843653C00BA29DC /* NoiseBackendExample.entitlements */,
				4350F31E2843653A00BA29DC /* NoiseBackendExampleApp.swift */,
				4350F3242843653C00BA29DC /* Preview Content */,
				4344A859284A6B4C0031D0C8 /* Record.swift */,
				4350F32F2843666800BA29DC /* resources */,
			);
			path = NoiseBackendExample;
			sourceTree = "<group>";
		};
		4350F3242843653C00BA29DC /* Preview Content */ = {
			isa = PBXGroup;
			children = (
				4350F3252843653C00BA29DC /* Preview Assets.xcassets */,
			);
			path = "Preview Content";
			sourceTree = "<group>";
		};
		4350F32D2843654700BA29DC /* Packages */ = {
			isa = PBXGroup;
			children = (
				4350F32E2843654700BA29DC /* Noise */,
			);
			name = Packages;
			sourceTree = "<group>";
		};
		4350F3312843666E00BA29DC /* Frameworks */ = {
			isa = PBXGroup;
			children = (
			);
			name = Frameworks;
			sourceTree = "<group>";
		};
/* End PBXGroup section */

/* Begin PBXNativeTarget section */
		4344A864284B46580031D0C8 /* NoiseBackendExampleTests */ = {
			isa = PBXNativeTarget;
			buildConfigurationList = 4344A86B284B46580031D0C8 /* Build configuration list for PBXNativeTarget "NoiseBackendExampleTests" */;
			buildPhases = (
				4344A861284B46580031D0C8 /* Sources */,
				4344A862284B46580031D0C8 /* Frameworks */,
				4344A863284B46580031D0C8 /* Resources */,
			);
			buildRules = (
			);
			dependencies = (
				4344A86A284B46580031D0C8 /* PBXTargetDependency */,
			);
			name = NoiseBackendExampleTests;
			productName = NoiseBackendExampleTests;
			productReference = 4344A865284B46580031D0C8 /* NoiseBackendExampleTests.xctest */;
			productType = "com.apple.product-type.bundle.unit-test";
		};
		4350F31A2843653A00BA29DC /* NoiseBackendExample */ = {
			isa = PBXNativeTarget;
			buildConfigurationList = 4350F32A2843653C00BA29DC /* Build configuration list for PBXNativeTarget "NoiseBackendExample" */;
			buildPhases = (
				431880FB28B4D2FD00723B33 /* Build Racket Code & Records */,
				4350F3172843653A00BA29DC /* Sources */,
				4350F3182843653A00BA29DC /* Frameworks */,
				4350F3192843653A00BA29DC /* Resources */,
			);
			buildRules = (
			);
			dependencies = (
			);
			name = NoiseBackendExample;
			packageProductDependencies = (
				4350F3322843666E00BA29DC /* Noise */,
				4344A86E284CE0110031D0C8 /* NoiseSerde */,
				43EF9A5628B11F9D00E45008 /* NoiseBackend */,
			);
			productName = NoiseBackendExample;
			productReference = 4350F31B2843653A00BA29DC /* NoiseBackendExample.app */;
			productType = "com.apple.product-type.application";
		};
/* End PBXNativeTarget section */

/* Begin PBXProject section */
		4350F3132843653A00BA29DC /* Project object */ = {
			isa = PBXProject;
			attributes = {
				BuildIndependentTargetsInParallel = 1;
				LastSwiftUpdateCheck = 1340;
				LastUpgradeCheck = 1340;
				TargetAttributes = {
					4344A864284B46580031D0C8 = {
						CreatedOnToolsVersion = 13.4;
						TestTargetID = 4350F31A2843653A00BA29DC;
					};
					4350F31A2843653A00BA29DC = {
						CreatedOnToolsVersion = 13.4;
					};
				};
			};
			buildConfigurationList = 4350F3162843653A00BA29DC /* Build configuration list for PBXProject "NoiseBackendExample" */;
			compatibilityVersion = "Xcode 13.0";
			developmentRegion = en;
			hasScannedForEncodings = 0;
			knownRegions = (
				en,
				Base,
			);
			mainGroup = 4350F3122843653A00BA29DC;
			productRefGroup = 4350F31C2843653A00BA29DC /* Products */;
			projectDirPath = "";
			projectRoot = "";
			targets = (
				4350F31A2843653A00BA29DC /* NoiseBackendExample */,
				4344A864284B46580031D0C8 /* NoiseBackendExampleTests */,
			);
		};
/* End PBXProject section */

/* Begin PBXResourcesBuildPhase section */
		4344A863284B46580031D0C8 /* Resources */ = {
			isa = PBXResourcesBuildPhase;
			buildActionMask = 2147483647;
			files = (
			);
			runOnlyForDeploymentPostprocessing = 0;
		};
		4350F3192843653A00BA29DC /* Resources */ = {
			isa = PBXResourcesBuildPhase;
			buildActionMask = 2147483647;
			files = (
				4350F3262843653C00BA29DC /* Preview Assets.xcassets in Resources */,
				4350F3302843666800BA29DC /* resources in Resources */,
				4350F3232843653C00BA29DC /* Assets.xcassets in Resources */,
			);
			runOnlyForDeploymentPostprocessing = 0;
		};
/* End PBXResourcesBuildPhase section */

/* Begin PBXShellScriptBuildPhase section */
		431880FB28B4D2FD00723B33 /* Build Racket Code & Records */ = {
			isa = PBXShellScriptBuildPhase;
			alwaysOutOfDate = 1;
			buildActionMask = 2147483647;
			files = (
			);
			inputFileListPaths = (
			);
			inputPaths = (
			);
			name = "Build Racket Code & Records";
			outputFileListPaths = (
			);
			outputPaths = (
			);
			runOnlyForDeploymentPostprocessing = 0;
			shellPath = /bin/sh;
			shellScript = "make
";
		};
/* End PBXShellScriptBuildPhase section */

/* Begin PBXSourcesBuildPhase section */
		4344A861284B46580031D0C8 /* Sources */ = {
			isa = PBXSourcesBuildPhase;
			buildActionMask = 2147483647;
			files = (
			);
			runOnlyForDeploymentPostprocessing = 0;
		};
		4350F3172843653A00BA29DC /* Sources */ = {
			isa = PBXSourcesBuildPhase;
			buildActionMask = 2147483647;
			files = (
				4350F3212843653A00BA29DC /* ContentView.swift in Sources */,
				4350F31F2843653A00BA29DC /* NoiseBackendExampleApp.swift in Sources */,
				4344A85B284A6B4C0031D0C8 /* Record.swift in Sources */,
			);
			runOnlyForDeploymentPostprocessing = 0;
		};
/* End PBXSourcesBuildPhase section */

/* Begin PBXTargetDependency section */
		4344A86A284B46580031D0C8 /* PBXTargetDependency */ = {
			isa = PBXTargetDependency;
			target = 4350F31A2843653A00BA29DC /* NoiseBackendExample */;
			targetProxy = 4344A869284B46580031D0C8 /* PBXContainerItemProxy */;
		};
/* End PBXTargetDependency section */

/* Begin XCBuildConfiguration section */
		4344A86C284B46580031D0C8 /* Debug */ = {
			isa = XCBuildConfiguration;
			buildSettings = {
				BUNDLE_LOADER = "$(TEST_HOST)";
				CODE_SIGN_STYLE = Automatic;
				CURRENT_PROJECT_VERSION = 1;
				DEVELOPMENT_TEAM = H3YE679B58;
				GENERATE_INFOPLIST_FILE = YES;
				MARKETING_VERSION = 1.0;
				PRODUCT_BUNDLE_IDENTIFIER = io.defn.NoiseBackendExampleTests;
				PRODUCT_NAME = "$(TARGET_NAME)";
				SWIFT_EMIT_LOC_STRINGS = NO;
				SWIFT_VERSION = 5.0;
				TEST_HOST = "$(BUILT_PRODUCTS_DIR)/NoiseBackendExample.app/Contents/MacOS/NoiseBackendExample";
			};
			name = Debug;
		};
		4344A86D284B46580031D0C8 /* Release */ = {
			isa = XCBuildConfiguration;
			buildSettings = {
				BUNDLE_LOADER = "$(TEST_HOST)";
				CODE_SIGN_STYLE = Automatic;
				CURRENT_PROJECT_VERSION = 1;
				DEVELOPMENT_TEAM = H3YE679B58;
				GENERATE_INFOPLIST_FILE = YES;
				MARKETING_VERSION = 1.0;
				PRODUCT_BUNDLE_IDENTIFIER = io.defn.NoiseBackendExampleTests;
				PRODUCT_NAME = "$(TARGET_NAME)";
				SWIFT_EMIT_LOC_STRINGS = NO;
				SWIFT_VERSION = 5.0;
				TEST_HOST = "$(BUILT_PRODUCTS_DIR)/NoiseBackendExample.app/Contents/MacOS/NoiseBackendExample";
			};
			name = Release;
		};
		4350F3282843653C00BA29DC /* Debug */ = {
			isa = XCBuildConfiguration;
			buildSettings = {
				ALWAYS_SEARCH_USER_PATHS = NO;
				CLANG_ANALYZER_NONNULL = YES;
				CLANG_ANALYZER_NUMBER_OBJECT_CONVERSION = YES_AGGRESSIVE;
				CLANG_CXX_LANGUAGE_STANDARD = "gnu++17";
				CLANG_ENABLE_MODULES = YES;
				CLANG_ENABLE_OBJC_ARC = YES;
				CLANG_ENABLE_OBJC_WEAK = YES;
				CLANG_WARN_BLOCK_CAPTURE_AUTORELEASING = YES;
				CLANG_WARN_BOOL_CONVERSION = YES;
				CLANG_WARN_COMMA = YES;
				CLANG_WARN_CONSTANT_CONVERSION = YES;
				CLANG_WARN_DEPRECATED_OBJC_IMPLEMENTATIONS = YES;
				CLANG_WARN_DIRECT_OBJC_ISA_USAGE = YES_ERROR;
				CLANG_WARN_DOCUMENTATION_COMMENTS = YES;
				CLANG_WARN_EMPTY_BODY = YES;
				CLANG_WARN_ENUM_CONVERSION = YES;
				CLANG_WARN_INFINITE_RECURSION = YES;
				CLANG_WARN_INT_CONVERSION = YES;
				CLANG_WARN_NON_LITERAL_NULL_CONVERSION = YES;
				CLANG_WARN_OBJC_IMPLICIT_RETAIN_SELF = YES;
				CLANG_WARN_OBJC_LITERAL_CONVERSION = YES;
				CLANG_WARN_OBJC_ROOT_CLASS = YES_ERROR;
				CLANG_WARN_QUOTED_INCLUDE_IN_FRAMEWORK_HEADER = YES;
				CLANG_WARN_RANGE_LOOP_ANALYSIS = YES;
				CLANG_WARN_STRICT_PROTOTYPES = YES;
				CLANG_WARN_SUSPICIOUS_MOVE = YES;
				CLANG_WARN_UNGUARDED_AVAILABILITY = YES_AGGRESSIVE;
				CLANG_WARN_UNREACHABLE_CODE = YES;
				CLANG_WARN__DUPLICATE_METHOD_MATCH = YES;
				COPY_PHASE_STRIP = NO;
				DEBUG_INFORMATION_FORMAT = dwarf;
				ENABLE_STRICT_OBJC_MSGSEND = YES;
				ENABLE_TESTABILITY = YES;
				GCC_C_LANGUAGE_STANDARD = gnu11;
				GCC_DYNAMIC_NO_PIC = NO;
				GCC_NO_COMMON_BLOCKS = YES;
				GCC_OPTIMIZATION_LEVEL = 0;
				GCC_PREPROCESSOR_DEFINITIONS = (
					"DEBUG=1",
					"$(inherited)",
				);
				GCC_WARN_64_TO_32_BIT_CONVERSION = YES;
				GCC_WARN_ABOUT_RETURN_TYPE = YES_ERROR;
				GCC_WARN_UNDECLARED_SELECTOR = YES;
				GCC_WARN_UNINITIALIZED_AUTOS = YES_AGGRESSIVE;
				GCC_WARN_UNUSED_FUNCTION = YES;
				GCC_WARN_UNUSED_VARIABLE = YES;
				MACOSX_DEPLOYMENT_TARGET = 12.1;
				MTL_ENABLE_DEBUG_INFO = INCLUDE_SOURCE;
				MTL_FAST_MATH = YES;
				ONLY_ACTIVE_ARCH = YES;
				SDKROOT = macosx;
				SWIFT_ACTIVE_COMPILATION_CONDITIONS = DEBUG;
				SWIFT_OPTIMIZATION_LEVEL = "-Onone";
			};
			name = Debug;
		};
		4350F3292843653C00BA29DC /* Release */ = {
			isa = XCBuildConfiguration;
			buildSettings = {
				ALWAYS_SEARCH_USER_PATHS = NO;
				CLANG_ANALYZER_NONNULL = YES;
				CLANG_ANALYZER_NUMBER_OBJECT_CONVERSION = YES_AGGRESSIVE;
				CLANG_CXX_LANGUAGE_STANDARD = "gnu++17";
				CLANG_ENABLE_MODULES = YES;
				CLANG_ENABLE_OBJC_ARC = YES;
				CLANG_ENABLE_OBJC_WEAK = YES;
				CLANG_WARN_BLOCK_CAPTURE_AUTORELEASING = YES;
				CLANG_WARN_BOOL_CONVERSION = YES;
				CLANG_WARN_COMMA = YES;
				CLANG_WARN_CONSTANT_CONVERSION = YES;
				CLANG_WARN_DEPRECATED_OBJC_IMPLEMENTATIONS = YES;
				CLANG_WARN_DIRECT_OBJC_ISA_USAGE = YES_ERROR;
				CLANG_WARN_DOCUMENTATION_COMMENTS = YES;
				CLANG_WARN_EMPTY_BODY = YES;
				CLANG_WARN_ENUM_CONVERSION = YES;
				CLANG_WARN_INFINITE_RECURSION = YES;
				CLANG_WARN_INT_CONVERSION = YES;
				CLANG_WARN_NON_LITERAL_NULL_CONVERSION = YES;
				CLANG_WARN_OBJC_IMPLICIT_RETAIN_SELF = YES;
				CLANG_WARN_OBJC_LITERAL_CONVERSION = YES;
				CLANG_WARN_OBJC_ROOT_CLASS = YES_ERROR;
				CLANG_WARN_QUOTED_INCLUDE_IN_FRAMEWORK_HEADER = YES;
				CLANG_WARN_RANGE_LOOP_ANALYSIS = YES;
				CLANG_WARN_STRICT_PROTOTYPES = YES;
				CLANG_WARN_SUSPICIOUS_MOVE = YES;
				CLANG_WARN_UNGUARDED_AVAILABILITY = YES_AGGRESSIVE;
				CLANG_WARN_UNREACHABLE_CODE = YES;
				CLANG_WARN__DUPLICATE_METHOD_MATCH = YES;
				COPY_PHASE_STRIP = NO;
				DEBUG_INFORMATION_FORMAT = "dwarf-with-dsym";
				ENABLE_NS_ASSERTIONS = NO;
				ENABLE_STRICT_OBJC_MSGSEND = YES;
				GCC_C_LANGUAGE_STANDARD = gnu11;
				GCC_NO_COMMON_BLOCKS = YES;
				GCC_WARN_64_TO_32_BIT_CONVERSION = YES;
				GCC_WARN_ABOUT_RETURN_TYPE = YES_ERROR;
				GCC_WARN_UNDECLARED_SELECTOR = YES;
				GCC_WARN_UNINITIALIZED_AUTOS = YES_AGGRESSIVE;
				GCC_WARN_UNUSED_FUNCTION = YES;
				GCC_WARN_UNUSED_VARIABLE = YES;
				MACOSX_DEPLOYMENT_TARGET = 12.1;
				MTL_ENABLE_DEBUG_INFO = NO;
				MTL_FAST_MATH = YES;
				SDKROOT = macosx;
				SWIFT_COMPILATION_MODE = wholemodule;
				SWIFT_OPTIMIZATION_LEVEL = "-O";
			};
			name = Release;
		};
		4350F32B2843653C00BA29DC /* Debug */ = {
			isa = XCBuildConfiguration;
			buildSettings = {
				ASSETCATALOG_COMPILER_APPICON_NAME = AppIcon;
				ASSETCATALOG_COMPILER_GLOBAL_ACCENT_COLOR_NAME = AccentColor;
				CODE_SIGN_ENTITLEMENTS = NoiseBackendExample/NoiseBackendExample.entitlements;
				CODE_SIGN_STYLE = Automatic;
				COMBINE_HIDPI_IMAGES = YES;
				CURRENT_PROJECT_VERSION = 1;
				DEVELOPMENT_ASSET_PATHS = "\"NoiseBackendExample/Preview Content\"";
				DEVELOPMENT_TEAM = H3YE679B58;
				ENABLE_HARDENED_RUNTIME = YES;
				ENABLE_PREVIEWS = YES;
				GENERATE_INFOPLIST_FILE = YES;
				INFOPLIST_KEY_NSHumanReadableCopyright = "";
				LD_RUNPATH_SEARCH_PATHS = (
					"$(inherited)",
					"@executable_path/../Frameworks",
				);
				MARKETING_VERSION = 1.0;
				PRODUCT_BUNDLE_IDENTIFIER = io.defn.NoiseBackendExample;
				PRODUCT_NAME = "$(TARGET_NAME)";
				SWIFT_EMIT_LOC_STRINGS = YES;
				SWIFT_VERSION = 5.0;
			};
			name = Debug;
		};
		4350F32C2843653C00BA29DC /* Release */ = {
			isa = XCBuildConfiguration;
			buildSettings = {
				ASSETCATALOG_COMPILER_APPICON_NAME = AppIcon;
				ASSETCATALOG_COMPILER_GLOBAL_ACCENT_COLOR_NAME = AccentColor;
				CODE_SIGN_ENTITLEMENTS = NoiseBackendExample/NoiseBackendExample.entitlements;
				CODE_SIGN_STYLE = Automatic;
				COMBINE_HIDPI_IMAGES = YES;
				CURRENT_PROJECT_VERSION = 1;
				DEVELOPMENT_ASSET_PATHS = "\"NoiseBackendExample/Preview Content\"";
				DEVELOPMENT_TEAM = H3YE679B58;
				ENABLE_HARDENED_RUNTIME = YES;
				ENABLE_PREVIEWS = YES;
				GENERATE_INFOPLIST_FILE = YES;
				INFOPLIST_KEY_NSHumanReadableCopyright = "";
				LD_RUNPATH_SEARCH_PATHS = (
					"$(inherited)",
					"@executable_path/../Frameworks",
				);
				MARKETING_VERSION = 1.0;
				PRODUCT_BUNDLE_IDENTIFIER = io.defn.NoiseBackendExample;
				PRODUCT_NAME = "$(TARGET_NAME)";
				SWIFT_EMIT_LOC_STRINGS = YES;
				SWIFT_VERSION = 5.0;
			};
			name = Release;
		};
/* End XCBuildConfiguration section */

/* Begin XCConfigurationList section */
		4344A86B284B46580031D0C8 /* Build configuration list for PBXNativeTarget "NoiseBackendExampleTests" */ = {
			isa = XCConfigurationList;
			buildConfigurations = (
				4344A86C284B46580031D0C8 /* Debug */,
				4344A86D284B46580031D0C8 /* Release */,
			);
			defaultConfigurationIsVisible = 0;
			defaultConfigurationName = Release;
		};
		4350F3162843653A00BA29DC /* Build configuration list for PBXProject "NoiseBackendExample" */ = {
			isa = XCConfigurationList;
			buildConfigurations = (
				4350F3282843653C00BA29DC /* Debug */,
				4350F3292843653C00BA29DC /* Release */,
			);
			defaultConfigurationIsVisible = 0;
			defaultConfigurationName = Release;
		};
		4350F32A2843653C00BA29DC /* Build configuration list for PBXNativeTarget "NoiseBackendExample" */ = {
			isa = XCConfigurationList;
			buildConfigurations = (
				4350F32B2843653C00BA29DC /* Debug */,
				4350F32C2843653C00BA29DC /* Release */,
			);
			defaultConfigurationIsVisible = 0;
			defaultConfigurationName = Release;
		};
/* End XCConfigurationList section */

/* Begin XCSwiftPackageProductDependency section */
		4344A86E284CE0110031D0C8 /* NoiseSerde */ = {
			isa = XCSwiftPackageProductDependency;
			productName = NoiseSerde;
		};
		4350F3322843666E00BA29DC /* Noise */ = {
			isa = XCSwiftPackageProductDependency;
			productName = Noise;
		};
		43EF9A5628B11F9D00E45008 /* NoiseBackend */ = {
			isa = XCSwiftPackageProductDependency;
			productName = NoiseBackend;
		};
/* End XCSwiftPackageProductDependency section */
	};
	rootObject = 4350F3132843653A00BA29DC /* Project object */;
}
